
Microsoft Visual Studio Solution File, Format Version 12.00
# Visual Studio Version 16
VisualStudioVersion = 16.0.30413.136
MinimumVisualStudioVersion = 10.0.40219.1
Project("{9A19103F-16F7-4668-BE54-9A1E7A4F7556}") = "HiperWebApp", "HiperWebApp\HiperWebApp.csproj", "{8B47E8F4-4DE8-4D15-8BFD-9797CB5B58CA}"
EndProject
Project("{2150E333-8FDC-42A3-9474-1A3956D46DE8}") = "1-Presentation", "1-Presentation", "{76F2E575-B47B-4BD4-A677-13F984C01C9E}"
EndProject
Project("{2150E333-8FDC-42A3-9474-1A3956D46DE8}") = "2-Application", "2-Application", "{D534AC39-5B4D-4DE2-9093-D10F60E26E83}"
EndProject
Project("{2150E333-8FDC-42A3-9474-1A3956D46DE8}") = "3-Domain", "3-Domain", "{6DDD32FD-D630-4158-B1A2-27C651A10B5E}"
EndProject
Project("{2150E333-8FDC-42A3-9474-1A3956D46DE8}") = "4-Infrastructure", "4-Infrastructure", "{BF8FF456-80F2-4900-832D-C06BCCE6A262}"
EndProject
Project("{2150E333-8FDC-42A3-9474-1A3956D46DE8}") = "4.1-Data", "4.1-Data", "{91346D10-00F5-467D-B601-8C690EADAA46}"
EndProject
Project("{9A19103F-16F7-4668-BE54-9A1E7A4F7556}") = "HiperWebApp.Infra.Data", "HiperWebApp.Infra.Data\HiperWebApp.Infra.Data.csproj", "{16847846-554F-4D32-8238-3ECB194904B5}"
EndProject
Project("{9A19103F-16F7-4668-BE54-9A1E7A4F7556}") = "HiperWebApp.Infra.Repository", "HiperWebApp.Infra.Repository\HiperWebApp.Infra.Repository.csproj", "{D8571DA4-768D-4F11-97A4-F7F56FF1478A}"
EndProject
Project("{9A19103F-16F7-4668-BE54-9A1E7A4F7556}") = "HiperWebApp.Domain", "HiperWebApp.Domain\HiperWebApp.Domain.csproj", "{51CC3F84-8A9F-4713-B37D-0F39858BEDA2}"
EndProject
Project("{9A19103F-16F7-4668-BE54-9A1E7A4F7556}") = "HiperWebApp.Application", "HiperWebApp.Application\HiperWebApp.Application.csproj", "{1B57A0CF-9B0E-402D-926E-A43392696D6B}"
EndProject
Project("{9A19103F-16F7-4668-BE54-9A1E7A4F7556}") = "HiperWebApp.Domain.Core", "HiperWebApp.Domain.Core\HiperWebApp.Domain.Core.csproj", "{2BFA916A-AA07-4798-9897-80F7F04E1CB4}"
EndProject
Project("{9A19103F-16F7-4668-BE54-9A1E7A4F7556}") = "HiperWebApp.Domain.Services", "HiperWebApp.Domain.Services\HiperWebApp.Domain.Services.csproj", "{58049FF8-DF9D-46F9-A8E7-4054C39CE121}"
EndProject
Project("{2150E333-8FDC-42A3-9474-1A3956D46DE8}") = "4.2-CrossCutting", "4.2-CrossCutting", "{A88562FB-ED57-4587-AC9B-AFAD357B6089}"
EndProject
Project("{FAE04EC0-301F-11D3-BF4B-00C04F79EFBC}") = "HiperWebApp.Infrastructure.CrossCutting.IoC", "HiperWebApp.Infrastructure.CrossCutting.IoC\HiperWebApp.Infrastructure.CrossCutting.IoC.csproj", "{BBC38702-0551-49DB-83EA-6E9D331096B8}"
EndProject
Project("{FAE04EC0-301F-11D3-BF4B-00C04F79EFBC}") = "HiperWebAppSync", "HiperWebAppSync\HiperWebAppSync.csproj", "{563530B7-8808-46C0-8CAB-0F8B2A85DB61}"
EndProject
Global
	GlobalSection(SolutionConfigurationPlatforms) = preSolution
		Debug|Any CPU = Debug|Any CPU
		Release|Any CPU = Release|Any CPU
	EndGlobalSection
	GlobalSection(ProjectConfigurationPlatforms) = postSolution
		{8B47E8F4-4DE8-4D15-8BFD-9797CB5B58CA}.Debug|Any CPU.ActiveCfg = Debug|Any CPU
		{8B47E8F4-4DE8-4D15-8BFD-9797CB5B58CA}.Debug|Any CPU.Build.0 = Debug|Any CPU
		{8B47E8F4-4DE8-4D15-8BFD-9797CB5B58CA}.Release|Any CPU.ActiveCfg = Release|Any CPU
		{8B47E8F4-4DE8-4D15-8BFD-9797CB5B58CA}.Release|Any CPU.Build.0 = Release|Any CPU
		{16847846-554F-4D32-8238-3ECB194904B5}.Debug|Any CPU.ActiveCfg = Debug|Any CPU
		{16847846-554F-4D32-8238-3ECB194904B5}.Debug|Any CPU.Build.0 = Debug|Any CPU
		{16847846-554F-4D32-8238-3ECB194904B5}.Release|Any CPU.ActiveCfg = Release|Any CPU
		{16847846-554F-4D32-8238-3ECB194904B5}.Release|Any CPU.Build.0 = Release|Any CPU
		{D8571DA4-768D-4F11-97A4-F7F56FF1478A}.Debug|Any CPU.ActiveCfg = Debug|Any CPU
		{D8571DA4-768D-4F11-97A4-F7F56FF1478A}.Debug|Any CPU.Build.0 = Debug|Any CPU
		{D8571DA4-768D-4F11-97A4-F7F56FF1478A}.Release|Any CPU.ActiveCfg = Release|Any CPU
		{D8571DA4-768D-4F11-97A4-F7F56FF1478A}.Release|Any CPU.Build.0 = Release|Any CPU
		{51CC3F84-8A9F-4713-B37D-0F39858BEDA2}.Debug|Any CPU.ActiveCfg = Debug|Any CPU
		{51CC3F84-8A9F-4713-B37D-0F39858BEDA2}.Debug|Any CPU.Build.0 = Debug|Any CPU
		{51CC3F84-8A9F-4713-B37D-0F39858BEDA2}.Release|Any CPU.ActiveCfg = Release|Any CPU
		{51CC3F84-8A9F-4713-B37D-0F39858BEDA2}.Release|Any CPU.Build.0 = Release|Any CPU
		{1B57A0CF-9B0E-402D-926E-A43392696D6B}.Debug|Any CPU.ActiveCfg = Debug|Any CPU
		{1B57A0CF-9B0E-402D-926E-A43392696D6B}.Debug|Any CPU.Build.0 = Debug|Any CPU
		{1B57A0CF-9B0E-402D-926E-A43392696D6B}.Release|Any CPU.ActiveCfg = Release|Any CPU
		{1B57A0CF-9B0E-402D-926E-A43392696D6B}.Release|Any CPU.Build.0 = Release|Any CPU
		{2BFA916A-AA07-4798-9897-80F7F04E1CB4}.Debug|Any CPU.ActiveCfg = Debug|Any CPU
		{2BFA916A-AA07-4798-9897-80F7F04E1CB4}.Debug|Any CPU.Build.0 = Debug|Any CPU
		{2BFA916A-AA07-4798-9897-80F7F04E1CB4}.Release|Any CPU.ActiveCfg = Release|Any CPU
		{2BFA916A-AA07-4798-9897-80F7F04E1CB4}.Release|Any CPU.Build.0 = Release|Any CPU
		{58049FF8-DF9D-46F9-A8E7-4054C39CE121}.Debug|Any CPU.ActiveCfg = Debug|Any CPU
		{58049FF8-DF9D-46F9-A8E7-4054C39CE121}.Debug|Any CPU.Build.0 = Debug|Any CPU
		{58049FF8-DF9D-46F9-A8E7-4054C39CE121}.Release|Any CPU.ActiveCfg = Release|Any CPU
		{58049FF8-DF9D-46F9-A8E7-4054C39CE121}.Release|Any CPU.Build.0 = Release|Any CPU
		{BBC38702-0551-49DB-83EA-6E9D331096B8}.Debug|Any CPU.ActiveCfg = Debug|Any CPU
		{BBC38702-0551-49DB-83EA-6E9D331096B8}.Debug|Any CPU.Build.0 = Debug|Any CPU
		{BBC38702-0551-49DB-83EA-6E9D331096B8}.Release|Any CPU.ActiveCfg = Release|Any CPU
		{BBC38702-0551-49DB-83EA-6E9D331096B8}.Release|Any CPU.Build.0 = Release|Any CPU
		{563530B7-8808-46C0-8CAB-0F8B2A85DB61}.Debug|Any CPU.ActiveCfg = Debug|Any CPU
		{563530B7-8808-46C0-8CAB-0F8B2A85DB61}.Debug|Any CPU.Build.0 = Debug|Any CPU
		{563530B7-8808-46C0-8CAB-0F8B2A85DB61}.Release|Any CPU.ActiveCfg = Release|Any CPU
		{563530B7-8808-46C0-8CAB-0F8B2A85DB61}.Release|Any CPU.Build.0 = Release|Any CPU
	EndGlobalSection
	GlobalSection(SolutionProperties) = preSolution
		HideSolutionNode = FALSE
	EndGlobalSection
	GlobalSection(NestedProjects) = preSolution
		{8B47E8F4-4DE8-4D15-8BFD-9797CB5B58CA} = {76F2E575-B47B-4BD4-A677-13F984C01C9E}
		{91346D10-00F5-467D-B601-8C690EADAA46} = {BF8FF456-80F2-4900-832D-C06BCCE6A262}
		{16847846-554F-4D32-8238-3ECB194904B5} = {91346D10-00F5-467D-B601-8C690EADAA46}
		{D8571DA4-768D-4F11-97A4-F7F56FF1478A} = {91346D10-00F5-467D-B601-8C690EADAA46}
		{51CC3F84-8A9F-4713-B37D-0F39858BEDA2} = {6DDD32FD-D630-4158-B1A2-27C651A10B5E}
		{1B57A0CF-9B0E-402D-926E-A43392696D6B} = {D534AC39-5B4D-4DE2-9093-D10F60E26E83}
		{2BFA916A-AA07-4798-9897-80F7F04E1CB4} = {6DDD32FD-D630-4158-B1A2-27C651A10B5E}
		{58049FF8-DF9D-46F9-A8E7-4054C39CE121} = {6DDD32FD-D630-4158-B1A2-27C651A10B5E}
		{A88562FB-ED57-4587-AC9B-AFAD357B6089} = {BF8FF456-80F2-4900-832D-C06BCCE6A262}
		{BBC38702-0551-49DB-83EA-6E9D331096B8} = {A88562FB-ED57-4587-AC9B-AFAD357B6089}
		{563530B7-8808-46C0-8CAB-0F8B2A85DB61} = {76F2E575-B47B-4BD4-A677-13F984C01C9E}
	EndGlobalSection
	GlobalSection(ExtensibilityGlobals) = postSolution
		SolutionGuid = {A59F8EE6-4B09-41AF-9169-D45197BCFDA1}
	EndGlobalSection
EndGlobal
