
Microsoft Visual Studio Solution File, Format Version 12.00
# Visual Studio Version 16
VisualStudioVersion = 16.0.30413.136
MinimumVisualStudioVersion = 10.0.40219.1
Project("{9A19103F-16F7-4668-BE54-9A1E7A4F7556}") = "HiperAPI", "HiperAPI\HiperAPI.csproj", "{FBEB1802-5B98-49F7-9D28-56A6E106568C}"
EndProject
Project("{2150E333-8FDC-42A3-9474-1A3956D46DE8}") = "1-Presentation", "1-Presentation", "{17E9F7B4-87CC-4626-B369-05CCA7BE5EEC}"
EndProject
Project("{2150E333-8FDC-42A3-9474-1A3956D46DE8}") = "2-Application", "2-Application", "{EBC023CA-4B21-4B42-AC93-96FFF59A805C}"
EndProject
Project("{2150E333-8FDC-42A3-9474-1A3956D46DE8}") = "3-Domain", "3-Domain", "{FD1326CB-48A3-4286-80AA-AB6CF514151C}"
EndProject
Project("{2150E333-8FDC-42A3-9474-1A3956D46DE8}") = "4-Infrastructure", "4-Infrastructure", "{371B43E6-4393-4042-B7E3-A7382D81CA34}"
EndProject
Project("{2150E333-8FDC-42A3-9474-1A3956D46DE8}") = "4.1-Data", "4.1-Data", "{A2ABB75C-A88A-498D-AB32-F0B2AB020690}"
EndProject
Project("{2150E333-8FDC-42A3-9474-1A3956D46DE8}") = "4.2-CrossCutting", "4.2-CrossCutting", "{C43A538F-14DC-46D2-AB90-08C715F73871}"
EndProject
Project("{9A19103F-16F7-4668-BE54-9A1E7A4F7556}") = "HiperAPI.Application", "HiperAPI.Application\HiperAPI.Application.csproj", "{A877BBDF-E010-43DD-B68F-F0903C15AE0B}"
EndProject
Project("{9A19103F-16F7-4668-BE54-9A1E7A4F7556}") = "HiperAPI.Application.DTO", "HiperAPI.Application.DTO\HiperAPI.Application.DTO.csproj", "{D9F7BE11-6A42-435D-806B-AE3489D57975}"
EndProject
Project("{9A19103F-16F7-4668-BE54-9A1E7A4F7556}") = "HiperAPI.Domain", "HiperAPI.Domain\HiperAPI.Domain.csproj", "{E15B8651-8A2D-49BD-AB35-3805DDA61792}"
EndProject
Project("{9A19103F-16F7-4668-BE54-9A1E7A4F7556}") = "HiperAPI.Domain.Core", "HiperAPI.Domain.Core\HiperAPI.Domain.Core.csproj", "{BF71131E-3D1B-4B89-B083-F181739508BC}"
EndProject
Project("{9A19103F-16F7-4668-BE54-9A1E7A4F7556}") = "HiperAPI.Domain.Services", "HiperAPI.Domain.Services\HiperAPI.Domain.Services.csproj", "{FA01176A-2A6D-40CC-9785-6D6031FBCE1D}"
EndProject
Project("{9A19103F-16F7-4668-BE54-9A1E7A4F7556}") = "HiperAPI.Infrastructure.Data", "HiperAPI.Infrastructure.Data\HiperAPI.Infrastructure.Data.csproj", "{93990771-B79B-4C32-846B-A8D4C749B633}"
EndProject
Project("{9A19103F-16F7-4668-BE54-9A1E7A4F7556}") = "HiperAPI.Infrastructure.Repository", "HiperAPI.Infrastructure.Repository\HiperAPI.Infrastructure.Repository.csproj", "{B53071E5-2BFD-4FE2-BD7C-AEAA0D8BA144}"
EndProject
Project("{9A19103F-16F7-4668-BE54-9A1E7A4F7556}") = "HiperAPI.Infrastructure.CrossCutting.Adapter", "HiperAPI.Infrastructure.CrossCutting.Adapter\HiperAPI.Infrastructure.CrossCutting.Adapter.csproj", "{BC6940EE-C61A-4285-B4B2-BBA6ACB44B16}"
EndProject
Project("{9A19103F-16F7-4668-BE54-9A1E7A4F7556}") = "HiperAPI.Infrastructure.CrossCutting.IoC", "HiperAPI.Infrastructure.CrossCutting.IoC\HiperAPI.Infrastructure.CrossCutting.IoC.csproj", "{A0452436-16DF-45FC-9797-A441D619BE45}"
EndProject
Global
	GlobalSection(SolutionConfigurationPlatforms) = preSolution
		Debug|Any CPU = Debug|Any CPU
		Release|Any CPU = Release|Any CPU
	EndGlobalSection
	GlobalSection(ProjectConfigurationPlatforms) = postSolution
		{FBEB1802-5B98-49F7-9D28-56A6E106568C}.Debug|Any CPU.ActiveCfg = Debug|Any CPU
		{FBEB1802-5B98-49F7-9D28-56A6E106568C}.Debug|Any CPU.Build.0 = Debug|Any CPU
		{FBEB1802-5B98-49F7-9D28-56A6E106568C}.Release|Any CPU.ActiveCfg = Release|Any CPU
		{FBEB1802-5B98-49F7-9D28-56A6E106568C}.Release|Any CPU.Build.0 = Release|Any CPU
		{A877BBDF-E010-43DD-B68F-F0903C15AE0B}.Debug|Any CPU.ActiveCfg = Debug|Any CPU
		{A877BBDF-E010-43DD-B68F-F0903C15AE0B}.Debug|Any CPU.Build.0 = Debug|Any CPU
		{A877BBDF-E010-43DD-B68F-F0903C15AE0B}.Release|Any CPU.ActiveCfg = Release|Any CPU
		{A877BBDF-E010-43DD-B68F-F0903C15AE0B}.Release|Any CPU.Build.0 = Release|Any CPU
		{D9F7BE11-6A42-435D-806B-AE3489D57975}.Debug|Any CPU.ActiveCfg = Debug|Any CPU
		{D9F7BE11-6A42-435D-806B-AE3489D57975}.Debug|Any CPU.Build.0 = Debug|Any CPU
		{D9F7BE11-6A42-435D-806B-AE3489D57975}.Release|Any CPU.ActiveCfg = Release|Any CPU
		{D9F7BE11-6A42-435D-806B-AE3489D57975}.Release|Any CPU.Build.0 = Release|Any CPU
		{E15B8651-8A2D-49BD-AB35-3805DDA61792}.Debug|Any CPU.ActiveCfg = Debug|Any CPU
		{E15B8651-8A2D-49BD-AB35-3805DDA61792}.Debug|Any CPU.Build.0 = Debug|Any CPU
		{E15B8651-8A2D-49BD-AB35-3805DDA61792}.Release|Any CPU.ActiveCfg = Release|Any CPU
		{E15B8651-8A2D-49BD-AB35-3805DDA61792}.Release|Any CPU.Build.0 = Release|Any CPU
		{BF71131E-3D1B-4B89-B083-F181739508BC}.Debug|Any CPU.ActiveCfg = Debug|Any CPU
		{BF71131E-3D1B-4B89-B083-F181739508BC}.Debug|Any CPU.Build.0 = Debug|Any CPU
		{BF71131E-3D1B-4B89-B083-F181739508BC}.Release|Any CPU.ActiveCfg = Release|Any CPU
		{BF71131E-3D1B-4B89-B083-F181739508BC}.Release|Any CPU.Build.0 = Release|Any CPU
		{FA01176A-2A6D-40CC-9785-6D6031FBCE1D}.Debug|Any CPU.ActiveCfg = Debug|Any CPU
		{FA01176A-2A6D-40CC-9785-6D6031FBCE1D}.Debug|Any CPU.Build.0 = Debug|Any CPU
		{FA01176A-2A6D-40CC-9785-6D6031FBCE1D}.Release|Any CPU.ActiveCfg = Release|Any CPU
		{FA01176A-2A6D-40CC-9785-6D6031FBCE1D}.Release|Any CPU.Build.0 = Release|Any CPU
		{93990771-B79B-4C32-846B-A8D4C749B633}.Debug|Any CPU.ActiveCfg = Debug|Any CPU
		{93990771-B79B-4C32-846B-A8D4C749B633}.Debug|Any CPU.Build.0 = Debug|Any CPU
		{93990771-B79B-4C32-846B-A8D4C749B633}.Release|Any CPU.ActiveCfg = Release|Any CPU
		{93990771-B79B-4C32-846B-A8D4C749B633}.Release|Any CPU.Build.0 = Release|Any CPU
		{B53071E5-2BFD-4FE2-BD7C-AEAA0D8BA144}.Debug|Any CPU.ActiveCfg = Debug|Any CPU
		{B53071E5-2BFD-4FE2-BD7C-AEAA0D8BA144}.Debug|Any CPU.Build.0 = Debug|Any CPU
		{B53071E5-2BFD-4FE2-BD7C-AEAA0D8BA144}.Release|Any CPU.ActiveCfg = Release|Any CPU
		{B53071E5-2BFD-4FE2-BD7C-AEAA0D8BA144}.Release|Any CPU.Build.0 = Release|Any CPU
		{BC6940EE-C61A-4285-B4B2-BBA6ACB44B16}.Debug|Any CPU.ActiveCfg = Debug|Any CPU
		{BC6940EE-C61A-4285-B4B2-BBA6ACB44B16}.Debug|Any CPU.Build.0 = Debug|Any CPU
		{BC6940EE-C61A-4285-B4B2-BBA6ACB44B16}.Release|Any CPU.ActiveCfg = Release|Any CPU
		{BC6940EE-C61A-4285-B4B2-BBA6ACB44B16}.Release|Any CPU.Build.0 = Release|Any CPU
		{A0452436-16DF-45FC-9797-A441D619BE45}.Debug|Any CPU.ActiveCfg = Debug|Any CPU
		{A0452436-16DF-45FC-9797-A441D619BE45}.Debug|Any CPU.Build.0 = Debug|Any CPU
		{A0452436-16DF-45FC-9797-A441D619BE45}.Release|Any CPU.ActiveCfg = Release|Any CPU
		{A0452436-16DF-45FC-9797-A441D619BE45}.Release|Any CPU.Build.0 = Release|Any CPU
	EndGlobalSection
	GlobalSection(SolutionProperties) = preSolution
		HideSolutionNode = FALSE
	EndGlobalSection
	GlobalSection(NestedProjects) = preSolution
		{FBEB1802-5B98-49F7-9D28-56A6E106568C} = {17E9F7B4-87CC-4626-B369-05CCA7BE5EEC}
		{A2ABB75C-A88A-498D-AB32-F0B2AB020690} = {371B43E6-4393-4042-B7E3-A7382D81CA34}
		{C43A538F-14DC-46D2-AB90-08C715F73871} = {371B43E6-4393-4042-B7E3-A7382D81CA34}
		{A877BBDF-E010-43DD-B68F-F0903C15AE0B} = {EBC023CA-4B21-4B42-AC93-96FFF59A805C}
		{D9F7BE11-6A42-435D-806B-AE3489D57975} = {EBC023CA-4B21-4B42-AC93-96FFF59A805C}
		{E15B8651-8A2D-49BD-AB35-3805DDA61792} = {FD1326CB-48A3-4286-80AA-AB6CF514151C}
		{BF71131E-3D1B-4B89-B083-F181739508BC} = {FD1326CB-48A3-4286-80AA-AB6CF514151C}
		{FA01176A-2A6D-40CC-9785-6D6031FBCE1D} = {FD1326CB-48A3-4286-80AA-AB6CF514151C}
		{93990771-B79B-4C32-846B-A8D4C749B633} = {A2ABB75C-A88A-498D-AB32-F0B2AB020690}
		{B53071E5-2BFD-4FE2-BD7C-AEAA0D8BA144} = {A2ABB75C-A88A-498D-AB32-F0B2AB020690}
		{BC6940EE-C61A-4285-B4B2-BBA6ACB44B16} = {C43A538F-14DC-46D2-AB90-08C715F73871}
		{A0452436-16DF-45FC-9797-A441D619BE45} = {C43A538F-14DC-46D2-AB90-08C715F73871}
	EndGlobalSection
	GlobalSection(ExtensibilityGlobals) = postSolution
		SolutionGuid = {F22A26A7-657B-46DB-BB75-6431503BA520}
	EndGlobalSection
EndGlobal
